
Microsoft Visual Studio Solution File, Format Version 12.00
# Visual Studio Version 17
VisualStudioVersion = 17.5.33502.453
MinimumVisualStudioVersion = 10.0.40219.1
Project("{FAE04EC0-301F-11D3-BF4B-00C04F79EFBC}") = "FilmesApi", "FilmesApi\FilmesApi.csproj", "{6E6CEA55-8177-4404-86E8-E3A7419C15A6}"
EndProject
Global
	GlobalSection(SolutionConfigurationPlatforms) = preSolution
		Debug|Any CPU = Debug|Any CPU
		Release|Any CPU = Release|Any CPU
	EndGlobalSection
	GlobalSection(ProjectConfigurationPlatforms) = postSolution
		{6E6CEA55-8177-4404-86E8-E3A7419C15A6}.Debug|Any CPU.ActiveCfg = Debug|Any CPU
		{6E6CEA55-8177-4404-86E8-E3A7419C15A6}.Debug|Any CPU.Build.0 = Debug|Any CPU
		{6E6CEA55-8177-4404-86E8-E3A7419C15A6}.Release|Any CPU.ActiveCfg = Release|Any CPU
		{6E6CEA55-8177-4404-86E8-E3A7419C15A6}.Release|Any CPU.Build.0 = Release|Any CPU
	EndGlobalSection
	GlobalSection(SolutionProperties) = preSolution
		HideSolutionNode = FALSE
	EndGlobalSection
	GlobalSection(ExtensibilityGlobals) = postSolution
		SolutionGuid = {043827A6-9B6B-4528-969A-0FFF1732EC43}
	EndGlobalSection
EndGlobal
